
Microsoft Visual Studio Solution File, Format Version 12.00
# Visual Studio 2013
VisualStudioVersion = 12.0.21005.1
MinimumVisualStudioVersion = 10.0.40219.1
Project("{FAE04EC0-301F-11D3-BF4B-00C04F79EFBC}") = "linqexample", "linqexample\linqexample.csproj", "{254EB7BC-75C4-40D1-9CC9-F7E0F1BD4C6E}"
EndProject
Project("{FAE04EC0-301F-11D3-BF4B-00C04F79EFBC}") = "WebformsTests", "WebformsTests\WebformsTests.csproj", "{989D0B8B-1914-4589-B591-0AB46287CDB8}"
EndProject
Global
	GlobalSection(SolutionConfigurationPlatforms) = preSolution
		Debug|Any CPU = Debug|Any CPU
		Release|Any CPU = Release|Any CPU
	EndGlobalSection
	GlobalSection(ProjectConfigurationPlatforms) = postSolution
		{254EB7BC-75C4-40D1-9CC9-F7E0F1BD4C6E}.Debug|Any CPU.ActiveCfg = Debug|Any CPU
		{254EB7BC-75C4-40D1-9CC9-F7E0F1BD4C6E}.Debug|Any CPU.Build.0 = Debug|Any CPU
		{254EB7BC-75C4-40D1-9CC9-F7E0F1BD4C6E}.Release|Any CPU.ActiveCfg = Release|Any CPU
		{254EB7BC-75C4-40D1-9CC9-F7E0F1BD4C6E}.Release|Any CPU.Build.0 = Release|Any CPU
		{989D0B8B-1914-4589-B591-0AB46287CDB8}.Debug|Any CPU.ActiveCfg = Debug|Any CPU
		{989D0B8B-1914-4589-B591-0AB46287CDB8}.Debug|Any CPU.Build.0 = Debug|Any CPU
		{989D0B8B-1914-4589-B591-0AB46287CDB8}.Release|Any CPU.ActiveCfg = Release|Any CPU
		{989D0B8B-1914-4589-B591-0AB46287CDB8}.Release|Any CPU.Build.0 = Release|Any CPU
	EndGlobalSection
	GlobalSection(SolutionProperties) = preSolution
		HideSolutionNode = FALSE
	EndGlobalSection
EndGlobal
